{
  "lockfile_version": "1",
  "packages": {
    "chromedriver@latest": {
      "last_modified": "2026-03-04T09:05:08Z",
      "resolved": "github:NixOS/nixpkgs/0c39f3b5a9a234421d4ad43ab9c7cf64840172d0#chromedriver",
      "source": "devbox-search",
      "version": "145.0.7632.160",
      "systems": {
        "aarch64-darwin": {
          "outputs": [
            {
              "name": "out",
              "path": "/nix/store/442jr4cdp7bfwpslhbz61n6m8y1bmxkf-chromedriver-145.0.7632.160",
              "default": true
            }
          ],
          "store_path": "/nix/store/442jr4cdp7bfwpslhbz61n6m8y1bmxkf-chromedriver-145.0.7632.160"
        },
        "x86_64-darwin": {
          "outputs": [
            {
              "name": "out",
              "path": "/nix/store/hryiy9sdn8aijnmgy32m9zakfb5x8y93-chromedriver-145.0.7632.160",
              "default": true
            }
          ],
          "store_path": "/nix/store/hryiy9sdn8aijnmgy32m9zakfb5x8y93-chromedriver-145.0.7632.160"
        }
      }
    },
    "chromium@145": {
      "last_modified": "2026-03-04T09:05:08Z",
      "resolved": "github:NixOS/nixpkgs/0c39f3b5a9a234421d4ad43ab9c7cf64840172d0#chromium",
      "source": "devbox-search",
      "version": "145.0.7632.159",
      "systems": {
        "aarch64-linux": {
          "outputs": [
            {
              "name": "out",
              "path": "/nix/store/dih9rf6gzzalx0arvgr5r1hgbs09w44i-chromium-145.0.7632.159",
              "default": true
            },
            {
              "name": "sandbox",
              "path": "/nix/store/vsz7xcan1bgzd4lcdmdjklbyf2y65n95-chromium-145.0.7632.159-sandbox"
            }
          ],
          "store_path": "/nix/store/dih9rf6gzzalx0arvgr5r1hgbs09w44i-chromium-145.0.7632.159"
        },
        "x86_64-linux": {
          "outputs": [
            {
              "name": "out",
              "path": "/nix/store/vdmgqh8jmxdcdggzr2myvjqdyz7p5ci4-chromium-145.0.7632.159",
              "default": true
            },
            {
              "name": "sandbox",
              "path": "/nix/store/rvd1sawaa337zy3902yi3pjq69qna53k-chromium-145.0.7632.159-sandbox"
            }
          ],
          "store_path": "/nix/store/vdmgqh8jmxdcdggzr2myvjqdyz7p5ci4-chromium-145.0.7632.159"
        }
      }
    },
    "entr@latest": {
      "last_modified": "2025-03-11T17:52:14Z",
      "resolved": "github:NixOS/nixpkgs/0d534853a55b5d02a4ababa1d71921ce8f0aee4c#entr",
      "source": "devbox-search",
      "version": "5.7",
      "systems": {
        "aarch64-darwin": {
          "outputs": [
            {
              "name": "out",
              "path": "/nix/store/ahp3m6vvlwwm2hcz9n9sxj79ghfyvarm-entr-5.7",
              "default": true
            }
          ],
          "store_path": "/nix/store/ahp3m6vvlwwm2hcz9n9sxj79ghfyvarm-entr-5.7"
        },
        "aarch64-linux": {
          "outputs": [
            {
              "name": "out",
              "path": "/nix/store/xjc07i8knsrirmp7wxsqp92g2mpl301v-entr-5.7",
              "default": true
            }
          ],
          "store_path": "/nix/store/xjc07i8knsrirmp7wxsqp92g2mpl301v-entr-5.7"
        },
        "x86_64-darwin": {
          "outputs": [
            {
              "name": "out",
              "path": "/nix/store/k4cmrnzxdanvcz22nfwy8ys5w0fm13fb-entr-5.7",
              "default": true
            }
          ],
          "store_path": "/nix/store/k4cmrnzxdanvcz22nfwy8ys5w0fm13fb-entr-5.7"
        },
        "x86_64-linux": {
          "outputs": [
            {
              "name": "out",
              "path": "/nix/store/8rccwvc6ld5xkbs4j821vmd8rk0cs920-entr-5.7",
              "default": true
            }
          ],
          "store_path": "/nix/store/8rccwvc6ld5xkbs4j821vmd8rk0cs920-entr-5.7"
        }
      }
    },
    "github:NixOS/nixpkgs/nixpkgs-unstable": {
      "resolved": "github:NixOS/nixpkgs/25d1b84f5c90632a623c48d83a2faf156451e6b1?lastModified=1742923925&narHash=sha256-biPjLws6FiBVUUDHEMFq5pUQL84Wf7PntPYdo3oKkFw%3D"
    },
    "gren@0.6.6": {
      "last_modified": "2026-06-27T07:37:20Z",
      "resolved": "github:NixOS/nixpkgs/3d46470bb3030020f7e1361f33514854f5bfa86d#gren",
      "source": "devbox-search",
      "version": "0.6.6",
      "systems": {
        "aarch64-darwin": {
          "outputs": [
            {
              "name": "out",
              "path": "/nix/store/9vyc22ydaxkys8n5vkhjrxq6zv5krs9f-gren-0.6.6",
              "default": true
            }
          ],
          "store_path": "/nix/store/9vyc22ydaxkys8n5vkhjrxq6zv5krs9f-gren-0.6.6"
        },
        "aarch64-linux": {
          "outputs": [
            {
              "name": "out",
              "path": "/nix/store/3rlsgdzk74p5zl18v7galjnv9a1c2bc8-gren-0.6.6",
              "default": true
            }
          ],
          "store_path": "/nix/store/3rlsgdzk74p5zl18v7galjnv9a1c2bc8-gren-0.6.6"
        },
        "x86_64-darwin": {
          "outputs": [
            {
              "name": "out",
              "path": "/nix/store/56y0sjs175cqpwdfvq00yy29ibcyzbc8-gren-0.6.6",
              "default": true
            }
          ],
          "store_path": "/nix/store/56y0sjs175cqpwdfvq00yy29ibcyzbc8-gren-0.6.6"
        },
        "x86_64-linux": {
          "outputs": [
            {
              "name": "out",
              "path": "/nix/store/8h4kkbn092a271i3277v4azsryw5vw0b-gren-0.6.6",
              "default": true
            }
          ],
          "store_path": "/nix/store/8h4kkbn092a271i3277v4azsryw5vw0b-gren-0.6.6"
        }
      }
    },
    "nodejs@20": {
      "last_modified": "2025-03-16T23:54:35Z",
      "plugin_version": "0.0.2",
      "resolved": "github:NixOS/nixpkgs/5d9b5431f967007b3952c057fc92af49a4c5f3b2#nodejs_20",
      "source": "devbox-search",
      "version": "20.19.0",
      "systems": {
        "aarch64-darwin": {
          "outputs": [
            {
              "name": "out",
              "path": "/nix/store/4i96rnl7hdzm3k3w36gx7d2p1af3b64q-nodejs-20.19.0",
              "default": true
            },
            {
              "name": "libv8",
              "path": "/nix/store/dvr6jyyhygpci5yj5mdl3p0xi2qcm02g-nodejs-20.19.0-libv8"
            }
          ],
          "store_path": "/nix/store/4i96rnl7hdzm3k3w36gx7d2p1af3b64q-nodejs-20.19.0"
        },
        "aarch64-linux": {
          "outputs": [
            {
              "name": "out",
              "path": "/nix/store/vr3nq0bhrwlnm2prrcwk2m947smfpi87-nodejs-20.19.0",
              "default": true
            },
            {
              "name": "libv8",
              "path": "/nix/store/7xdmbic7ndn40ihqs9fgawcnr8x090nj-nodejs-20.19.0-libv8"
            }
          ],
          "store_path": "/nix/store/vr3nq0bhrwlnm2prrcwk2m947smfpi87-nodejs-20.19.0"
        },
        "x86_64-darwin": {
          "outputs": [
            {
              "name": "out",
              "path": "/nix/store/4k73p2z9h5rnfv9gal8n6m4srx5sggs8-nodejs-20.19.0",
              "default": true
            },
            {
              "name": "libv8",
              "path": "/nix/store/px89hqr3wcfk0w6146hf4171bvj4chgp-nodejs-20.19.0-libv8"
            }
          ],
          "store_path": "/nix/store/4k73p2z9h5rnfv9gal8n6m4srx5sggs8-nodejs-20.19.0"
        },
        "x86_64-linux": {
          "outputs": [
            {
              "name": "out",
              "path": "/nix/store/088a1y8kvrmvi7vm5ff67hg7c4hcnqg7-nodejs-20.19.0",
              "default": true
            },
            {
              "name": "libv8",
              "path": "/nix/store/njqqwr5311xmnm05ms3n7b8piwnyq7x1-nodejs-20.19.0-libv8"
            }
          ],
          "store_path": "/nix/store/088a1y8kvrmvi7vm5ff67hg7c4hcnqg7-nodejs-20.19.0"
        }
      }
    }
  }
}
